
Microsoft Visual Studio Solution File, Format Version 12.00
# Visual Studio 2012
Project("{2150E333-8FDC-42A3-9474-1A3956D46DE8}") = "tool", "tool", "{FDE5628D-97DB-42EE-90B4-76FD1DC72A72}"
	ProjectSection(SolutionItems) = preProject
		run.cmd = run.cmd
		VbaShrinkRay.fsx = VbaShrinkRay.fsx
	EndProjectSection
EndProject
Project("{2150E333-8FDC-42A3-9474-1A3956D46DE8}") = "docs", "docs", "{82850DE8-0DE9-43C9-991E-5D3F7230EF2F}"
	ProjectSection(SolutionItems) = preProject
		doc.cmd = doc.cmd
		Doc.fsx = Doc.fsx
		template.html = template.html
	EndProjectSection
EndProject
Project("{2150E333-8FDC-42A3-9474-1A3956D46DE8}") = "Solution Items", "Solution Items", "{7F7847A4-CEB6-4316-A0C2-F28B7D9261AC}"
	ProjectSection(SolutionItems) = preProject
		packages.config = packages.config
	EndProjectSection
EndProject
Project("{2150E333-8FDC-42A3-9474-1A3956D46DE8}") = "content", "content", "{3633CCBA-8567-4F24-B59A-C26C7B2FC5F8}"
	ProjectSection(SolutionItems) = preProject
		content\style.css = content\style.css
		content\tips.js = content\tips.js
	EndProjectSection
EndProject
Global
	GlobalSection(SolutionProperties) = preSolution
		HideSolutionNode = FALSE
	EndGlobalSection
	GlobalSection(NestedProjects) = preSolution
		{3633CCBA-8567-4F24-B59A-C26C7B2FC5F8} = {82850DE8-0DE9-43C9-991E-5D3F7230EF2F}
	EndGlobalSection
EndGlobal
